// !$*UTF8*$!
{
	archiveVersion = 1;
	classes = {
	};
	objectVersion = 46;
	objects = {

/* Begin PBXBuildFile section */
		_LinkFileRef_GCDAsyncSocket_via_Rethink /* GCDAsyncSocket.framework in Frameworks */ = {isa = PBXBuildFile; fileRef = "_____Product_GCDAsyncSocket" /* GCDAsyncSocket.framework */; };
		_LinkFileRef_GCDAsyncSocket_via_RethinkTests /* GCDAsyncSocket.framework in Frameworks */ = {isa = PBXBuildFile; fileRef = "_____Product_GCDAsyncSocket" /* GCDAsyncSocket.framework */; };
		_LinkFileRef_Rethink_via_RethinkTests /* Rethink.framework in Frameworks */ = {isa = PBXBuildFile; fileRef = "_____Product_Rethink" /* Rethink.framework */; };
		_LinkFileRef_SCRAM_via_Rethink /* SCRAM.framework in Frameworks */ = {isa = PBXBuildFile; fileRef = "_____Product_SCRAM" /* SCRAM.framework */; };
		_LinkFileRef_SCRAM_via_RethinkTests /* SCRAM.framework in Frameworks */ = {isa = PBXBuildFile; fileRef = "_____Product_SCRAM" /* SCRAM.framework */; };
		__src_cc_ref_Sources/GCDAsyncSocket/GCDAsyncSocket.m /* GCDAsyncSocket.m in Sources */ = {isa = PBXBuildFile; fileRef = __PBXFileRef_Sources/GCDAsyncSocket/GCDAsyncSocket.m /* GCDAsyncSocket.m */; };
		__src_cc_ref_Sources/Rethink/ReArguments.swift /* ReArguments.swift in Sources */ = {isa = PBXBuildFile; fileRef = __PBXFileRef_Sources/Rethink/ReArguments.swift /* ReArguments.swift */; };
		__src_cc_ref_Sources/Rethink/ReConnection.swift /* ReConnection.swift in Sources */ = {isa = PBXBuildFile; fileRef = __PBXFileRef_Sources/Rethink/ReConnection.swift /* ReConnection.swift */; };
		__src_cc_ref_Sources/Rethink/ReDatum.swift /* ReDatum.swift in Sources */ = {isa = PBXBuildFile; fileRef = __PBXFileRef_Sources/Rethink/ReDatum.swift /* ReDatum.swift */; };
		__src_cc_ref_Sources/Rethink/ReProtocol.swift /* ReProtocol.swift in Sources */ = {isa = PBXBuildFile; fileRef = __PBXFileRef_Sources/Rethink/ReProtocol.swift /* ReProtocol.swift */; };
		__src_cc_ref_Sources/Rethink/ReResponse.swift /* ReResponse.swift in Sources */ = {isa = PBXBuildFile; fileRef = __PBXFileRef_Sources/Rethink/ReResponse.swift /* ReResponse.swift */; };
		__src_cc_ref_Sources/Rethink/ReSocket.swift /* ReSocket.swift in Sources */ = {isa = PBXBuildFile; fileRef = __PBXFileRef_Sources/Rethink/ReSocket.swift /* ReSocket.swift */; };
		__src_cc_ref_Sources/Rethink/Rethink.swift /* Rethink.swift in Sources */ = {isa = PBXBuildFile; fileRef = __PBXFileRef_Sources/Rethink/Rethink.swift /* Rethink.swift */; };
		__src_cc_ref_Sources/SCRAM/SCRAM.m /* SCRAM.m in Sources */ = {isa = PBXBuildFile; fileRef = __PBXFileRef_Sources/SCRAM/SCRAM.m /* SCRAM.m */; };
		__src_cc_ref_Tests/RethinkTests/Test.swift /* Test.swift in Sources */ = {isa = PBXBuildFile; fileRef = __PBXFileRef_Tests/RethinkTests/Test.swift /* Test.swift */; };
/* End PBXBuildFile section */

/* Begin PBXContainerItemProxy section */
		29E266F31D851E200078438F /* PBXContainerItemProxy */ = {
			isa = PBXContainerItemProxy;
			containerPortal = __RootObject_ /* Project object */;
			proxyType = 1;
			remoteGlobalIDString = "______Target_GCDAsyncSocket";
			remoteInfo = GCDAsyncSocket;
		};
		29E266F41D851E200078438F /* PBXContainerItemProxy */ = {
			isa = PBXContainerItemProxy;
			containerPortal = __RootObject_ /* Project object */;
			proxyType = 1;
			remoteGlobalIDString = "______Target_SCRAM";
			remoteInfo = SCRAM;
		};
		29E266F51D851E200078438F /* PBXContainerItemProxy */ = {
			isa = PBXContainerItemProxy;
			containerPortal = __RootObject_ /* Project object */;
			proxyType = 1;
			remoteGlobalIDString = "______Target_Rethink";
			remoteInfo = Rethink;
		};
/* End PBXContainerItemProxy section */

/* Begin PBXFileReference section */
		299B99B91D851FCD009A706B /* GCDAsyncSocket.h */ = {isa = PBXFileReference; lastKnownFileType = sourcecode.c.h; name = GCDAsyncSocket.h; path = include/GCDAsyncSocket.h; sourceTree = "<group>"; };
		299B99BA1D851FD4009A706B /* Rethink.h */ = {isa = PBXFileReference; lastKnownFileType = sourcecode.c.h; name = Rethink.h; path = ../Rethink.h; sourceTree = "<group>"; };
		299B99BB1D851FDB009A706B /* SCRAM.h */ = {isa = PBXFileReference; lastKnownFileType = sourcecode.c.h; name = SCRAM.h; path = include/SCRAM.h; sourceTree = "<group>"; };
		29E6B0311D86282400D56804 /* README.md */ = {isa = PBXFileReference; lastKnownFileType = net.daringfireball.markdown; path = README.md; sourceTree = "<group>"; };
		__PBXFileRef_Package.swift /* Package.swift */ = {isa = PBXFileReference; lastKnownFileType = sourcecode.swift; path = Package.swift; sourceTree = "<group>"; };
		__PBXFileRef_Rethink.xcodeproj/Configs/Project.xcconfig /* Rethink.xcodeproj/Configs/Project.xcconfig */ = {isa = PBXFileReference; lastKnownFileType = text.xcconfig; path = Rethink.xcodeproj/Configs/Project.xcconfig; sourceTree = "<group>"; };
		__PBXFileRef_Sources/GCDAsyncSocket/GCDAsyncSocket.m /* GCDAsyncSocket.m */ = {isa = PBXFileReference; lastKnownFileType = sourcecode.c.objc; path = GCDAsyncSocket.m; sourceTree = "<group>"; };
		__PBXFileRef_Sources/Rethink/ReArguments.swift /* ReArguments.swift */ = {isa = PBXFileReference; lastKnownFileType = sourcecode.swift; path = ReArguments.swift; sourceTree = "<group>"; };
		__PBXFileRef_Sources/Rethink/ReConnection.swift /* ReConnection.swift */ = {isa = PBXFileReference; lastKnownFileType = sourcecode.swift; path = ReConnection.swift; sourceTree = "<group>"; };
		__PBXFileRef_Sources/Rethink/ReDatum.swift /* ReDatum.swift */ = {isa = PBXFileReference; lastKnownFileType = sourcecode.swift; path = ReDatum.swift; sourceTree = "<group>"; };
		__PBXFileRef_Sources/Rethink/ReProtocol.swift /* ReProtocol.swift */ = {isa = PBXFileReference; lastKnownFileType = sourcecode.swift; path = ReProtocol.swift; sourceTree = "<group>"; };
		__PBXFileRef_Sources/Rethink/ReResponse.swift /* ReResponse.swift */ = {isa = PBXFileReference; lastKnownFileType = sourcecode.swift; path = ReResponse.swift; sourceTree = "<group>"; };
		__PBXFileRef_Sources/Rethink/ReSocket.swift /* ReSocket.swift */ = {isa = PBXFileReference; lastKnownFileType = sourcecode.swift; path = ReSocket.swift; sourceTree = "<group>"; };
		__PBXFileRef_Sources/Rethink/Rethink.swift /* Rethink.swift */ = {isa = PBXFileReference; lastKnownFileType = sourcecode.swift; path = Rethink.swift; sourceTree = "<group>"; };
		__PBXFileRef_Sources/SCRAM/SCRAM.m /* SCRAM.m */ = {isa = PBXFileReference; lastKnownFileType = sourcecode.c.objc; path = SCRAM.m; sourceTree = "<group>"; };
		__PBXFileRef_Tests/RethinkTests/Test.swift /* Test.swift */ = {isa = PBXFileReference; lastKnownFileType = sourcecode.swift; path = Test.swift; sourceTree = "<group>"; };
		"_____Product_GCDAsyncSocket" /* GCDAsyncSocket.framework */ = {isa = PBXFileReference; explicitFileType = wrapper.framework; path = GCDAsyncSocket.framework; sourceTree = BUILT_PRODUCTS_DIR; };
		"_____Product_Rethink" /* Rethink.framework */ = {isa = PBXFileReference; explicitFileType = wrapper.framework; path = Rethink.framework; sourceTree = BUILT_PRODUCTS_DIR; };
		"_____Product_RethinkTests" /* RethinkTests.xctest */ = {isa = PBXFileReference; explicitFileType = wrapper.cfbundle; path = RethinkTests.xctest; sourceTree = BUILT_PRODUCTS_DIR; };
		"_____Product_SCRAM" /* SCRAM.framework */ = {isa = PBXFileReference; explicitFileType = wrapper.framework; path = SCRAM.framework; sourceTree = BUILT_PRODUCTS_DIR; };
/* End PBXFileReference section */

/* Begin PBXFrameworksBuildPhase section */
		"___LinkPhase_GCDAsyncSocket" /* Frameworks */ = {
			isa = PBXFrameworksBuildPhase;
			buildActionMask = 0;
			files = (
			);
			runOnlyForDeploymentPostprocessing = 0;
		};
		"___LinkPhase_Rethink" /* Frameworks */ = {
			isa = PBXFrameworksBuildPhase;
			buildActionMask = 0;
			files = (
				_LinkFileRef_GCDAsyncSocket_via_Rethink /* GCDAsyncSocket.framework in Frameworks */,
				_LinkFileRef_SCRAM_via_Rethink /* SCRAM.framework in Frameworks */,
			);
			runOnlyForDeploymentPostprocessing = 0;
		};
		"___LinkPhase_RethinkTests" /* Frameworks */ = {
			isa = PBXFrameworksBuildPhase;
			buildActionMask = 0;
			files = (
				_LinkFileRef_GCDAsyncSocket_via_RethinkTests /* GCDAsyncSocket.framework in Frameworks */,
				_LinkFileRef_SCRAM_via_RethinkTests /* SCRAM.framework in Frameworks */,
				_LinkFileRef_Rethink_via_RethinkTests /* Rethink.framework in Frameworks */,
			);
			runOnlyForDeploymentPostprocessing = 0;
		};
		"___LinkPhase_SCRAM" /* Frameworks */ = {
			isa = PBXFrameworksBuildPhase;
			buildActionMask = 0;
			files = (
			);
			runOnlyForDeploymentPostprocessing = 0;
		};
/* End PBXFrameworksBuildPhase section */

/* Begin PBXGroup section */
		TestProducts_ /* Tests */ = {
			isa = PBXGroup;
			children = (
				"_____Product_RethinkTests" /* RethinkTests.xctest */,
			);
			name = Tests;
			sourceTree = "<group>";
		};
		"___RootGroup_" = {
			isa = PBXGroup;
			children = (
				__PBXFileRef_Package.swift /* Package.swift */,
				29E6B0311D86282400D56804 /* README.md */,
				"_____Configs_" /* Configs */,
				"_____Sources_" /* Sources */,
				"_______Tests_" /* Tests */,
				"____Products_" /* Products */,
			);
			sourceTree = "<group>";
		};
		"____Products_" /* Products */ = {
			isa = PBXGroup;
			children = (
				TestProducts_ /* Tests */,
				"_____Product_GCDAsyncSocket" /* GCDAsyncSocket.framework */,
				"_____Product_Rethink" /* Rethink.framework */,
				"_____Product_SCRAM" /* SCRAM.framework */,
			);
			name = Products;
			sourceTree = "<group>";
		};
		"_____Configs_" /* Configs */ = {
			isa = PBXGroup;
			children = (
				__PBXFileRef_Rethink.xcodeproj/Configs/Project.xcconfig /* Rethink.xcodeproj/Configs/Project.xcconfig */,
			);
			name = Configs;
			sourceTree = "<group>";
		};
		"_____Sources_" /* Sources */ = {
			isa = PBXGroup;
			children = (
				"_______Group_GCDAsyncSocket" /* GCDAsyncSocket */,
				"_______Group_Rethink" /* Rethink */,
				"_______Group_SCRAM" /* SCRAM */,
			);
			name = Sources;
			sourceTree = "<group>";
		};
		"_______Group_GCDAsyncSocket" /* GCDAsyncSocket */ = {
			isa = PBXGroup;
			children = (
				299B99B91D851FCD009A706B /* GCDAsyncSocket.h */,
				__PBXFileRef_Sources/GCDAsyncSocket/GCDAsyncSocket.m /* GCDAsyncSocket.m */,
			);
			name = GCDAsyncSocket;
			path = Sources/GCDAsyncSocket;
			sourceTree = "<group>";
		};
		"_______Group_Rethink" /* Rethink */ = {
			isa = PBXGroup;
			children = (
				299B99BA1D851FD4009A706B /* Rethink.h */,
				__PBXFileRef_Sources/Rethink/ReArguments.swift /* ReArguments.swift */,
				__PBXFileRef_Sources/Rethink/ReConnection.swift /* ReConnection.swift */,
				__PBXFileRef_Sources/Rethink/ReDatum.swift /* ReDatum.swift */,
				__PBXFileRef_Sources/Rethink/ReProtocol.swift /* ReProtocol.swift */,
				__PBXFileRef_Sources/Rethink/ReResponse.swift /* ReResponse.swift */,
				__PBXFileRef_Sources/Rethink/ReSocket.swift /* ReSocket.swift */,
				__PBXFileRef_Sources/Rethink/Rethink.swift /* Rethink.swift */,
			);
			name = Rethink;
			path = Sources/Rethink;
			sourceTree = "<group>";
		};
		"_______Group_RethinkTests" /* RethinkTests */ = {
			isa = PBXGroup;
			children = (
				__PBXFileRef_Tests/RethinkTests/Test.swift /* Test.swift */,
			);
			name = RethinkTests;
			path = Tests/RethinkTests;
			sourceTree = "<group>";
		};
		"_______Group_SCRAM" /* SCRAM */ = {
			isa = PBXGroup;
			children = (
				299B99BB1D851FDB009A706B /* SCRAM.h */,
				__PBXFileRef_Sources/SCRAM/SCRAM.m /* SCRAM.m */,
			);
			name = SCRAM;
			path = Sources/SCRAM;
			sourceTree = "<group>";
		};
		"_______Tests_" /* Tests */ = {
			isa = PBXGroup;
			children = (
				"_______Group_RethinkTests" /* RethinkTests */,
			);
			name = Tests;
			sourceTree = "<group>";
		};
/* End PBXGroup section */

/* Begin PBXNativeTarget section */
		"______Target_GCDAsyncSocket" /* GCDAsyncSocket */ = {
			isa = PBXNativeTarget;
			buildConfigurationList = "_______Confs_GCDAsyncSocket" /* Build configuration list for PBXNativeTarget "GCDAsyncSocket" */;
			buildPhases = (
				CompilePhase_GCDAsyncSocket /* Sources */,
				"___LinkPhase_GCDAsyncSocket" /* Frameworks */,
			);
			buildRules = (
			);
			dependencies = (
			);
			name = GCDAsyncSocket;
			productName = GCDAsyncSocket;
			productReference = "_____Product_GCDAsyncSocket" /* GCDAsyncSocket.framework */;
			productType = "com.apple.product-type.framework";
		};
		"______Target_Rethink" /* Rethink */ = {
			isa = PBXNativeTarget;
			buildConfigurationList = "_______Confs_Rethink" /* Build configuration list for PBXNativeTarget "Rethink" */;
			buildPhases = (
				CompilePhase_Rethink /* Sources */,
				"___LinkPhase_Rethink" /* Frameworks */,
			);
			buildRules = (
			);
			dependencies = (
				__Dependency_GCDAsyncSocket /* PBXTargetDependency */,
				__Dependency_SCRAM /* PBXTargetDependency */,
			);
			name = Rethink;
			productName = Rethink;
			productReference = "_____Product_Rethink" /* Rethink.framework */;
			productType = "com.apple.product-type.framework";
		};
		"______Target_RethinkTests" /* RethinkTests */ = {
			isa = PBXNativeTarget;
			buildConfigurationList = "_______Confs_RethinkTests" /* Build configuration list for PBXNativeTarget "RethinkTests" */;
			buildPhases = (
				CompilePhase_RethinkTests /* Sources */,
				"___LinkPhase_RethinkTests" /* Frameworks */,
			);
			buildRules = (
			);
			dependencies = (
				__Dependency_Rethink /* PBXTargetDependency */,
			);
			name = RethinkTests;
			productName = RethinkTests;
			productReference = "_____Product_RethinkTests" /* RethinkTests.xctest */;
			productType = "com.apple.product-type.bundle.unit-test";
		};
		"______Target_SCRAM" /* SCRAM */ = {
			isa = PBXNativeTarget;
			buildConfigurationList = "_______Confs_SCRAM" /* Build configuration list for PBXNativeTarget "SCRAM" */;
			buildPhases = (
				CompilePhase_SCRAM /* Sources */,
				"___LinkPhase_SCRAM" /* Frameworks */,
			);
			buildRules = (
			);
			dependencies = (
			);
			name = SCRAM;
			productName = SCRAM;
			productReference = "_____Product_SCRAM" /* SCRAM.framework */;
			productType = "com.apple.product-type.framework";
		};
/* End PBXNativeTarget section */

/* Begin PBXProject section */
		__RootObject_ /* Project object */ = {
			isa = PBXProject;
			attributes = {
				LastUpgradeCheck = 9999;
			};
			buildConfigurationList = "___RootConfs_" /* Build configuration list for PBXProject "Rethink" */;
			compatibilityVersion = "Xcode 3.2";
			developmentRegion = English;
			hasScannedForEncodings = 0;
			knownRegions = (
				en,
			);
			mainGroup = "___RootGroup_";
			productRefGroup = "____Products_" /* Products */;
			projectDirPath = "";
			projectRoot = "";
			targets = (
				"______Target_GCDAsyncSocket" /* GCDAsyncSocket */,
				"______Target_Rethink" /* Rethink */,
				"______Target_SCRAM" /* SCRAM */,
				"______Target_RethinkTests" /* RethinkTests */,
			);
		};
/* End PBXProject section */

/* Begin PBXSourcesBuildPhase section */
		CompilePhase_GCDAsyncSocket /* Sources */ = {
			isa = PBXSourcesBuildPhase;
			buildActionMask = 0;
			files = (
				__src_cc_ref_Sources/GCDAsyncSocket/GCDAsyncSocket.m /* GCDAsyncSocket.m in Sources */,
			);
			runOnlyForDeploymentPostprocessing = 0;
		};
		CompilePhase_Rethink /* Sources */ = {
			isa = PBXSourcesBuildPhase;
			buildActionMask = 0;
			files = (
				__src_cc_ref_Sources/Rethink/ReArguments.swift /* ReArguments.swift in Sources */,
				__src_cc_ref_Sources/Rethink/ReConnection.swift /* ReConnection.swift in Sources */,
				__src_cc_ref_Sources/Rethink/ReDatum.swift /* ReDatum.swift in Sources */,
				__src_cc_ref_Sources/Rethink/ReProtocol.swift /* ReProtocol.swift in Sources */,
				__src_cc_ref_Sources/Rethink/ReResponse.swift /* ReResponse.swift in Sources */,
				__src_cc_ref_Sources/Rethink/ReSocket.swift /* ReSocket.swift in Sources */,
				__src_cc_ref_Sources/Rethink/Rethink.swift /* Rethink.swift in Sources */,
			);
			runOnlyForDeploymentPostprocessing = 0;
		};
		CompilePhase_RethinkTests /* Sources */ = {
			isa = PBXSourcesBuildPhase;
			buildActionMask = 0;
			files = (
				__src_cc_ref_Tests/RethinkTests/Test.swift /* Test.swift in Sources */,
			);
			runOnlyForDeploymentPostprocessing = 0;
		};
		CompilePhase_SCRAM /* Sources */ = {
			isa = PBXSourcesBuildPhase;
			buildActionMask = 0;
			files = (
				__src_cc_ref_Sources/SCRAM/SCRAM.m /* SCRAM.m in Sources */,
			);
			runOnlyForDeploymentPostprocessing = 0;
		};
/* End PBXSourcesBuildPhase section */

/* Begin PBXTargetDependency section */
		__Dependency_GCDAsyncSocket /* PBXTargetDependency */ = {
			isa = PBXTargetDependency;
			target = "______Target_GCDAsyncSocket" /* GCDAsyncSocket */;
			targetProxy = 29E266F31D851E200078438F /* PBXContainerItemProxy */;
		};
		__Dependency_Rethink /* PBXTargetDependency */ = {
			isa = PBXTargetDependency;
			target = "______Target_Rethink" /* Rethink */;
			targetProxy = 29E266F51D851E200078438F /* PBXContainerItemProxy */;
		};
		__Dependency_SCRAM /* PBXTargetDependency */ = {
			isa = PBXTargetDependency;
			target = "______Target_SCRAM" /* SCRAM */;
			targetProxy = 29E266F41D851E200078438F /* PBXContainerItemProxy */;
		};
/* End PBXTargetDependency section */

/* Begin XCBuildConfiguration section */
		_ReleaseConf_GCDAsyncSocket /* Release */ = {
			isa = XCBuildConfiguration;
			buildSettings = {
				DEFINES_MODULE = YES;
				ENABLE_TESTABILITY = YES;
				FRAMEWORK_SEARCH_PATHS = "$(PLATFORM_DIR)/Developer/Library/Frameworks";
				INFOPLIST_FILE = Rethink.xcodeproj/GCDAsyncSocket_Info.plist;
				LD_RUNPATH_SEARCH_PATHS = "$(TOOLCHAIN_DIR)/usr/lib/swift/macosx";
				MODULEMAP_FILE = Rethink.xcodeproj/GeneratedModuleMap/GCDAsyncSocket/module.modulemap;
				OTHER_LDFLAGS = "$(inherited)";
				OTHER_SWIFT_FLAGS = "$(inherited)";
				PRODUCT_BUNDLE_IDENTIFIER = GCDAsyncSocket;
				PRODUCT_MODULE_NAME = "$(TARGET_NAME:c99extidentifier)";
				PRODUCT_NAME = "$(TARGET_NAME:c99extidentifier)";
				SWIFT_VERSION = 3.0;
			};
			name = Release;
		};
		_ReleaseConf_Rethink /* Release */ = {
			isa = XCBuildConfiguration;
			buildSettings = {
				ENABLE_TESTABILITY = YES;
				FRAMEWORK_SEARCH_PATHS = "$(PLATFORM_DIR)/Developer/Library/Frameworks";
				HEADER_SEARCH_PATHS = (
					"/Users/JB/Developer/apptpass-v3/rethink-swift/Sources/GCDAsyncSocket/include",
					"/Users/JB/Developer/apptpass-v3/rethink-swift/Sources/SCRAM/include",
				);
				INFOPLIST_FILE = Rethink.xcodeproj/Rethink_Info.plist;
				LD_RUNPATH_SEARCH_PATHS = "$(TOOLCHAIN_DIR)/usr/lib/swift/macosx";
				OTHER_LDFLAGS = "$(inherited)";
				OTHER_SWIFT_FLAGS = "$(inherited)";
				PRODUCT_BUNDLE_IDENTIFIER = Rethink;
				PRODUCT_MODULE_NAME = "$(TARGET_NAME:c99extidentifier)";
				PRODUCT_NAME = "$(TARGET_NAME:c99extidentifier)";
				SWIFT_VERSION = 3.0;
			};
			name = Release;
		};
		_ReleaseConf_RethinkTests /* Release */ = {
			isa = XCBuildConfiguration;
			buildSettings = {
				EMBEDDED_CONTENT_CONTAINS_SWIFT = YES;
				FRAMEWORK_SEARCH_PATHS = "$(PLATFORM_DIR)/Developer/Library/Frameworks";
				INFOPLIST_FILE = Rethink.xcodeproj/RethinkTests_Info.plist;
				LD_RUNPATH_SEARCH_PATHS = "@loader_path/../Frameworks";
				OTHER_LDFLAGS = "$(inherited)";
				OTHER_SWIFT_FLAGS = "$(inherited)";
				SWIFT_VERSION = 3.0;
			};
			name = Release;
		};
		_ReleaseConf_SCRAM /* Release */ = {
			isa = XCBuildConfiguration;
			buildSettings = {
				DEFINES_MODULE = YES;
				ENABLE_TESTABILITY = YES;
				FRAMEWORK_SEARCH_PATHS = "$(PLATFORM_DIR)/Developer/Library/Frameworks";
				INFOPLIST_FILE = Rethink.xcodeproj/SCRAM_Info.plist;
				LD_RUNPATH_SEARCH_PATHS = "$(TOOLCHAIN_DIR)/usr/lib/swift/macosx";
				MODULEMAP_FILE = Rethink.xcodeproj/GeneratedModuleMap/SCRAM/module.modulemap;
				OTHER_LDFLAGS = "$(inherited)";
				OTHER_SWIFT_FLAGS = "$(inherited)";
				PRODUCT_BUNDLE_IDENTIFIER = SCRAM;
				PRODUCT_MODULE_NAME = "$(TARGET_NAME:c99extidentifier)";
				PRODUCT_NAME = "$(TARGET_NAME:c99extidentifier)";
				SWIFT_VERSION = 3.0;
			};
			name = Release;
		};
		"___DebugConf_GCDAsyncSocket" /* Debug */ = {
			isa = XCBuildConfiguration;
			buildSettings = {
				DEFINES_MODULE = YES;
				ENABLE_TESTABILITY = YES;
				FRAMEWORK_SEARCH_PATHS = "$(PLATFORM_DIR)/Developer/Library/Frameworks";
				INFOPLIST_FILE = Rethink.xcodeproj/GCDAsyncSocket_Info.plist;
				LD_RUNPATH_SEARCH_PATHS = "$(TOOLCHAIN_DIR)/usr/lib/swift/macosx";
				MODULEMAP_FILE = Rethink.xcodeproj/GeneratedModuleMap/GCDAsyncSocket/module.modulemap;
				OTHER_LDFLAGS = "$(inherited)";
				OTHER_SWIFT_FLAGS = "$(inherited)";
				PRODUCT_BUNDLE_IDENTIFIER = GCDAsyncSocket;
				PRODUCT_MODULE_NAME = "$(TARGET_NAME:c99extidentifier)";
				PRODUCT_NAME = "$(TARGET_NAME:c99extidentifier)";
				SWIFT_OPTIMIZATION_LEVEL = "-Onone";
				SWIFT_VERSION = 3.0;
			};
			name = Debug;
		};
		"___DebugConf_Rethink" /* Debug */ = {
			isa = XCBuildConfiguration;
			buildSettings = {
				ENABLE_TESTABILITY = YES;
				FRAMEWORK_SEARCH_PATHS = "$(PLATFORM_DIR)/Developer/Library/Frameworks";
				HEADER_SEARCH_PATHS = (
					"/Users/JB/Developer/apptpass-v3/rethink-swift/Sources/GCDAsyncSocket/include",
					"/Users/JB/Developer/apptpass-v3/rethink-swift/Sources/SCRAM/include",
				);
				INFOPLIST_FILE = Rethink.xcodeproj/Rethink_Info.plist;
				LD_RUNPATH_SEARCH_PATHS = "$(TOOLCHAIN_DIR)/usr/lib/swift/macosx";
				OTHER_LDFLAGS = "$(inherited)";
				OTHER_SWIFT_FLAGS = "$(inherited)";
				PRODUCT_BUNDLE_IDENTIFIER = Rethink;
				PRODUCT_MODULE_NAME = "$(TARGET_NAME:c99extidentifier)";
				PRODUCT_NAME = "$(TARGET_NAME:c99extidentifier)";
				SWIFT_OPTIMIZATION_LEVEL = "-Onone";
				SWIFT_VERSION = 3.0;
			};
			name = Debug;
		};
		"___DebugConf_RethinkTests" /* Debug */ = {
			isa = XCBuildConfiguration;
			buildSettings = {
				EMBEDDED_CONTENT_CONTAINS_SWIFT = YES;
				FRAMEWORK_SEARCH_PATHS = "$(PLATFORM_DIR)/Developer/Library/Frameworks";
				INFOPLIST_FILE = Rethink.xcodeproj/RethinkTests_Info.plist;
				LD_RUNPATH_SEARCH_PATHS = "@loader_path/../Frameworks";
				OTHER_LDFLAGS = "$(inherited)";
				OTHER_SWIFT_FLAGS = "$(inherited)";
				SWIFT_OPTIMIZATION_LEVEL = "-Onone";
				SWIFT_VERSION = 3.0;
			};
			name = Debug;
		};
		"___DebugConf_SCRAM" /* Debug */ = {
			isa = XCBuildConfiguration;
			buildSettings = {
				DEFINES_MODULE = YES;
				ENABLE_TESTABILITY = YES;
				FRAMEWORK_SEARCH_PATHS = "$(PLATFORM_DIR)/Developer/Library/Frameworks";
				INFOPLIST_FILE = Rethink.xcodeproj/SCRAM_Info.plist;
				LD_RUNPATH_SEARCH_PATHS = "$(TOOLCHAIN_DIR)/usr/lib/swift/macosx";
				MODULEMAP_FILE = Rethink.xcodeproj/GeneratedModuleMap/SCRAM/module.modulemap;
				OTHER_LDFLAGS = "$(inherited)";
				OTHER_SWIFT_FLAGS = "$(inherited)";
				PRODUCT_BUNDLE_IDENTIFIER = SCRAM;
				PRODUCT_MODULE_NAME = "$(TARGET_NAME:c99extidentifier)";
				PRODUCT_NAME = "$(TARGET_NAME:c99extidentifier)";
				SWIFT_OPTIMIZATION_LEVEL = "-Onone";
				SWIFT_VERSION = 3.0;
			};
			name = Debug;
		};
		"_____Release_" /* Release */ = {
			isa = XCBuildConfiguration;
			baseConfigurationReference = __PBXFileRef_Rethink.xcodeproj/Configs/Project.xcconfig /* Rethink.xcodeproj/Configs/Project.xcconfig */;
			buildSettings = {
			};
			name = Release;
		};
		"_______Debug_" /* Debug */ = {
			isa = XCBuildConfiguration;
			baseConfigurationReference = __PBXFileRef_Rethink.xcodeproj/Configs/Project.xcconfig /* Rethink.xcodeproj/Configs/Project.xcconfig */;
			buildSettings = {
			};
			name = Debug;
		};
/* End XCBuildConfiguration section */

/* Begin XCConfigurationList section */
		"___RootConfs_" /* Build configuration list for PBXProject "Rethink" */ = {
			isa = XCConfigurationList;
			buildConfigurations = (
				"_______Debug_" /* Debug */,
				"_____Release_" /* Release */,
			);
			defaultConfigurationIsVisible = 0;
			defaultConfigurationName = Debug;
		};
		"_______Confs_GCDAsyncSocket" /* Build configuration list for PBXNativeTarget "GCDAsyncSocket" */ = {
			isa = XCConfigurationList;
			buildConfigurations = (
				"___DebugConf_GCDAsyncSocket" /* Debug */,
				_ReleaseConf_GCDAsyncSocket /* Release */,
			);
			defaultConfigurationIsVisible = 0;
			defaultConfigurationName = Debug;
		};
		"_______Confs_Rethink" /* Build configuration list for PBXNativeTarget "Rethink" */ = {
			isa = XCConfigurationList;
			buildConfigurations = (
				"___DebugConf_Rethink" /* Debug */,
				_ReleaseConf_Rethink /* Release */,
			);
			defaultConfigurationIsVisible = 0;
			defaultConfigurationName = Debug;
		};
		"_______Confs_RethinkTests" /* Build configuration list for PBXNativeTarget "RethinkTests" */ = {
			isa = XCConfigurationList;
			buildConfigurations = (
				"___DebugConf_RethinkTests" /* Debug */,
				_ReleaseConf_RethinkTests /* Release */,
			);
			defaultConfigurationIsVisible = 0;
			defaultConfigurationName = Debug;
		};
		"_______Confs_SCRAM" /* Build configuration list for PBXNativeTarget "SCRAM" */ = {
			isa = XCConfigurationList;
			buildConfigurations = (
				"___DebugConf_SCRAM" /* Debug */,
				_ReleaseConf_SCRAM /* Release */,
			);
			defaultConfigurationIsVisible = 0;
			defaultConfigurationName = Debug;
		};
/* End XCConfigurationList section */
	};
	rootObject = __RootObject_ /* Project object */;
}
